
Microsoft Visual Studio Solution File, Format Version 12.00
# Visual Studio Version 17
VisualStudioVersion = 17.8.34525.116
MinimumVisualStudioVersion = 10.0.40219.1
Project("{FAE04EC0-301F-11D3-BF4B-00C04F79EFBC}") = "CbsProject1", "CbsProject1.csproj", "{2B4F6273-2472-41A7-9399-E3041B42BB62}"
EndProject
Global
	GlobalSection(SolutionConfigurationPlatforms) = preSolution
		Debug|Any CPU = Debug|Any CPU
		Release|Any CPU = Release|Any CPU
	EndGlobalSection
	GlobalSection(ProjectConfigurationPlatforms) = postSolution
		{2B4F6273-2472-41A7-9399-E3041B42BB62}.Debug|Any CPU.ActiveCfg = Debug|Any CPU
		{2B4F6273-2472-41A7-9399-E3041B42BB62}.Debug|Any CPU.Build.0 = Debug|Any CPU
		{2B4F6273-2472-41A7-9399-E3041B42BB62}.Release|Any CPU.ActiveCfg = Release|Any CPU
		{2B4F6273-2472-41A7-9399-E3041B42BB62}.Release|Any CPU.Build.0 = Release|Any CPU
	EndGlobalSection
	GlobalSection(SolutionProperties) = preSolution
		HideSolutionNode = FALSE
	EndGlobalSection
	GlobalSection(ExtensibilityGlobals) = postSolution
		SolutionGuid = {94437D43-0B7B-4FB6-8548-6E31F2855812}
	EndGlobalSection
EndGlobal
